
Microsoft Visual Studio Solution File, Format Version 12.00
# Visual Studio 15
VisualStudioVersion = 15.0.26730.3
MinimumVisualStudioVersion = 10.0.40219.1
Project("{FAE04EC0-301F-11D3-BF4B-00C04F79EFBC}") = "hero-app", "hero-app\hero-app.csproj", "{8689BA30-A39F-4F13-B7B9-58C6D73A0C59}"
EndProject
Global
	GlobalSection(SolutionConfigurationPlatforms) = preSolution
		Debug|Any CPU = Debug|Any CPU
		Release|Any CPU = Release|Any CPU
	EndGlobalSection
	GlobalSection(ProjectConfigurationPlatforms) = postSolution
		{8689BA30-A39F-4F13-B7B9-58C6D73A0C59}.Debug|Any CPU.ActiveCfg = Debug|Any CPU
		{8689BA30-A39F-4F13-B7B9-58C6D73A0C59}.Debug|Any CPU.Build.0 = Debug|Any CPU
		{8689BA30-A39F-4F13-B7B9-58C6D73A0C59}.Release|Any CPU.ActiveCfg = Release|Any CPU
		{8689BA30-A39F-4F13-B7B9-58C6D73A0C59}.Release|Any CPU.Build.0 = Release|Any CPU
	EndGlobalSection
	GlobalSection(SolutionProperties) = preSolution
		HideSolutionNode = FALSE
	EndGlobalSection
	GlobalSection(ExtensibilityGlobals) = postSolution
		SolutionGuid = {ADCD6614-1343-442D-A289-AF678796C28E}
	EndGlobalSection
EndGlobal
